
Microsoft Visual Studio Solution File, Format Version 12.00
# Visual Studio Version 16
VisualStudioVersion = 16.0.29806.167
MinimumVisualStudioVersion = 10.0.40219.1
Project("{FAE04EC0-301F-11D3-BF4B-00C04F79EFBC}") = "Yolo", "Yolo\Yolo.csproj", "{BC1AFFD4-55BD-4D09-971A-C9DCF2191369}"
EndProject
Global
	GlobalSection(SolutionConfigurationPlatforms) = preSolution
		Debug|Any CPU = Debug|Any CPU
		Release|Any CPU = Release|Any CPU
	EndGlobalSection
	GlobalSection(ProjectConfigurationPlatforms) = postSolution
		{BC1AFFD4-55BD-4D09-971A-C9DCF2191369}.Debug|Any CPU.ActiveCfg = Debug|Any CPU
		{BC1AFFD4-55BD-4D09-971A-C9DCF2191369}.Debug|Any CPU.Build.0 = Debug|Any CPU
		{BC1AFFD4-55BD-4D09-971A-C9DCF2191369}.Release|Any CPU.ActiveCfg = Release|Any CPU
		{BC1AFFD4-55BD-4D09-971A-C9DCF2191369}.Release|Any CPU.Build.0 = Release|Any CPU
	EndGlobalSection
	GlobalSection(SolutionProperties) = preSolution
		HideSolutionNode = FALSE
	EndGlobalSection
	GlobalSection(ExtensibilityGlobals) = postSolution
		SolutionGuid = {3353AF0A-2F66-4D45-B874-AE72C8C972E9}
	EndGlobalSection
EndGlobal
